// !$*UTF8*$!
{
	archiveVersion = 1;
	classes = {
	};
	objectVersion = 50;
	objects = {

/* Begin PBXBuildFile section */
		DC8531DE26610ACF0034AA01 /* LocalTaskListApp.swift in Sources */ = {isa = PBXBuildFile; fileRef = DC8531DD26610ACF0034AA01 /* LocalTaskListApp.swift */; };
		DC8531E026610ACF0034AA01 /* ContentView.swift in Sources */ = {isa = PBXBuildFile; fileRef = DC8531DF26610ACF0034AA01 /* ContentView.swift */; };
		DC8531E226610AD00034AA01 /* Assets.xcassets in Resources */ = {isa = PBXBuildFile; fileRef = DC8531E126610AD00034AA01 /* Assets.xcassets */; };
		DC8531E526610AD00034AA01 /* Preview Assets.xcassets in Resources */ = {isa = PBXBuildFile; fileRef = DC8531E426610AD00034AA01 /* Preview Assets.xcassets */; };
		DC8531F026610AD00034AA01 /* TaskViewModelTests.swift in Sources */ = {isa = PBXBuildFile; fileRef = DC8531EF26610AD00034AA01 /* TaskViewModelTests.swift */; };
		DC8531FB26610AD00034AA01 /* LocalTaskListUITests.swift in Sources */ = {isa = PBXBuildFile; fileRef = DC8531FA26610AD00034AA01 /* LocalTaskListUITests.swift */; };
		DC85320926610AF40034AA01 /* TaskViewModel.swift in Sources */ = {isa = PBXBuildFile; fileRef = DC85320826610AF40034AA01 /* TaskViewModel.swift */; };
/* End PBXBuildFile section */

/* Begin PBXContainerItemProxy section */
		DC8531EC26610AD00034AA01 /* PBXContainerItemProxy */ = {
			isa = PBXContainerItemProxy;
			containerPortal = DC8531D226610ACF0034AA01 /* Project object */;
			proxyType = 1;
			remoteGlobalIDString = DC8531D926610ACF0034AA01;
			remoteInfo = LocalTaskList;
		};
		DC8531F726610AD00034AA01 /* PBXContainerItemProxy */ = {
			isa = PBXContainerItemProxy;
			containerPortal = DC8531D226610ACF0034AA01 /* Project object */;
			proxyType = 1;
			remoteGlobalIDString = DC8531D926610ACF0034AA01;
			remoteInfo = LocalTaskList;
		};
/* End PBXContainerItemProxy section */

/* Begin PBXFileReference section */
		DC8531DA26610ACF0034AA01 /* LocalTaskList.app */ = {isa = PBXFileReference; explicitFileType = wrapper.application; includeInIndex = 0; path = LocalTaskList.app; sourceTree = BUILT_PRODUCTS_DIR; };
		DC8531DD26610ACF0034AA01 /* LocalTaskListApp.swift */ = {isa = PBXFileReference; lastKnownFileType = sourcecode.swift; path = LocalTaskListApp.swift; sourceTree = "<group>"; };
		DC8531DF26610ACF0034AA01 /* ContentView.swift */ = {isa = PBXFileReference; lastKnownFileType = sourcecode.swift; path = ContentView.swift; sourceTree = "<group>"; };
		DC8531E126610AD00034AA01 /* Assets.xcassets */ = {isa = PBXFileReference; lastKnownFileType = folder.assetcatalog; path = Assets.xcassets; sourceTree = "<group>"; };
		DC8531E426610AD00034AA01 /* Preview Assets.xcassets */ = {isa = PBXFileReference; lastKnownFileType = folder.assetcatalog; path = "Preview Assets.xcassets"; sourceTree = "<group>"; };
		DC8531E626610AD00034AA01 /* Info.plist */ = {isa = PBXFileReference; lastKnownFileType = text.plist.xml; path = Info.plist; sourceTree = "<group>"; };
		DC8531EB26610AD00034AA01 /* LocalTaskListTests.xctest */ = {isa = PBXFileReference; explicitFileType = wrapper.cfbundle; includeInIndex = 0; path = LocalTaskListTests.xctest; sourceTree = BUILT_PRODUCTS_DIR; };
		DC8531EF26610AD00034AA01 /* TaskViewModelTests.swift */ = {isa = PBXFileReference; lastKnownFileType = sourcecode.swift; path = TaskViewModelTests.swift; sourceTree = "<group>"; };
		DC8531F126610AD00034AA01 /* Info.plist */ = {isa = PBXFileReference; lastKnownFileType = text.plist.xml; path = Info.plist; sourceTree = "<group>"; };
		DC8531F626610AD00034AA01 /* LocalTaskListUITests.xctest */ = {isa = PBXFileReference; explicitFileType = wrapper.cfbundle; includeInIndex = 0; path = LocalTaskListUITests.xctest; sourceTree = BUILT_PRODUCTS_DIR; };
		DC8531FA26610AD00034AA01 /* LocalTaskListUITests.swift */ = {isa = PBXFileReference; lastKnownFileType = sourcecode.swift; path = LocalTaskListUITests.swift; sourceTree = "<group>"; };
		DC8531FC26610AD00034AA01 /* Info.plist */ = {isa = PBXFileReference; lastKnownFileType = text.plist.xml; path = Info.plist; sourceTree = "<group>"; };
		DC85320826610AF40034AA01 /* TaskViewModel.swift */ = {isa = PBXFileReference; lastKnownFileType = sourcecode.swift; path = TaskViewModel.swift; sourceTree = "<group>"; };
/* End PBXFileReference section */

/* Begin PBXFrameworksBuildPhase section */
		DC8531D726610ACF0034AA01 /* Frameworks */ = {
			isa = PBXFrameworksBuildPhase;
			buildActionMask = 2147483647;
			files = (
			);
			runOnlyForDeploymentPostprocessing = 0;
		};
		DC8531E826610AD00034AA01 /* Frameworks */ = {
			isa = PBXFrameworksBuildPhase;
			buildActionMask = 2147483647;
			files = (
			);
			runOnlyForDeploymentPostprocessing = 0;
		};
		DC8531F326610AD00034AA01 /* Frameworks */ = {
			isa = PBXFrameworksBuildPhase;
			buildActionMask = 2147483647;
			files = (
			);
			runOnlyForDeploymentPostprocessing = 0;
		};
/* End PBXFrameworksBuildPhase section */

/* Begin PBXGroup section */
		DC8531D126610ACF0034AA01 = {
			isa = PBXGroup;
			children = (
				DC8531DC26610ACF0034AA01 /* LocalTaskList */,
				DC8531EE26610AD00034AA01 /* LocalTaskListTests */,
				DC8531F926610AD00034AA01 /* LocalTaskListUITests */,
				DC8531DB26610ACF0034AA01 /* Products */,
			);
			sourceTree = "<group>";
		};
		DC8531DB26610ACF0034AA01 /* Products */ = {
			isa = PBXGroup;
			children = (
				DC8531DA26610ACF0034AA01 /* LocalTaskList.app */,
				DC8531EB26610AD00034AA01 /* LocalTaskListTests.xctest */,
				DC8531F626610AD00034AA01 /* LocalTaskListUITests.xctest */,
			);
			name = Products;
			sourceTree = "<group>";
		};
		DC8531DC26610ACF0034AA01 /* LocalTaskList */ = {
			isa = PBXGroup;
			children = (
				DC8531DD26610ACF0034AA01 /* LocalTaskListApp.swift */,
				DC8531DF26610ACF0034AA01 /* ContentView.swift */,
				DC8531E126610AD00034AA01 /* Assets.xcassets */,
				DC8531E626610AD00034AA01 /* Info.plist */,
				DC8531E326610AD00034AA01 /* Preview Content */,
				DC85320826610AF40034AA01 /* TaskViewModel.swift */,
			);
			path = LocalTaskList;
			sourceTree = "<group>";
		};
		DC8531E326610AD00034AA01 /* Preview Content */ = {
			isa = PBXGroup;
			children = (
				DC8531E426610AD00034AA01 /* Preview Assets.xcassets */,
			);
			path = "Preview Content";
			sourceTree = "<group>";
		};
		DC8531EE26610AD00034AA01 /* LocalTaskListTests */ = {
			isa = PBXGroup;
			children = (
				DC8531EF26610AD00034AA01 /* TaskViewModelTests.swift */,
				DC8531F126610AD00034AA01 /* Info.plist */,
			);
			path = LocalTaskListTests;
			sourceTree = "<group>";
		};
		DC8531F926610AD00034AA01 /* LocalTaskListUITests */ = {
			isa = PBXGroup;
			children = (
				DC8531FA26610AD00034AA01 /* LocalTaskListUITests.swift */,
				DC8531FC26610AD00034AA01 /* Info.plist */,
			);
			path = LocalTaskListUITests;
			sourceTree = "<group>";
		};
/* End PBXGroup section */

/* Begin PBXNativeTarget section */
		DC8531D926610ACF0034AA01 /* LocalTaskList */ = {
			isa = PBXNativeTarget;
			buildConfigurationList = DC8531FF26610AD00034AA01 /* Build configuration list for PBXNativeTarget "LocalTaskList" */;
			buildPhases = (
				DC8531D626610ACF0034AA01 /* Sources */,
				DC8531D726610ACF0034AA01 /* Frameworks */,
				DC8531D826610ACF0034AA01 /* Resources */,
			);
			buildRules = (
			);
			dependencies = (
			);
			name = LocalTaskList;
			productName = LocalTaskList;
			productReference = DC8531DA26610ACF0034AA01 /* LocalTaskList.app */;
			productType = "com.apple.product-type.application";
		};
		DC8531EA26610AD00034AA01 /* LocalTaskListTests */ = {
			isa = PBXNativeTarget;
			buildConfigurationList = DC85320226610AD00034AA01 /* Build configuration list for PBXNativeTarget "LocalTaskListTests" */;
			buildPhases = (
				DC8531E726610AD00034AA01 /* Sources */,
				DC8531E826610AD00034AA01 /* Frameworks */,
				DC8531E926610AD00034AA01 /* Resources */,
			);
			buildRules = (
			);
			dependencies = (
				DC8531ED26610AD00034AA01 /* PBXTargetDependency */,
			);
			name = LocalTaskListTests;
			productName = LocalTaskListTests;
			productReference = DC8531EB26610AD00034AA01 /* LocalTaskListTests.xctest */;
			productType = "com.apple.product-type.bundle.unit-test";
		};
		DC8531F526610AD00034AA01 /* LocalTaskListUITests */ = {
			isa = PBXNativeTarget;
			buildConfigurationList = DC85320526610AD00034AA01 /* Build configuration list for PBXNativeTarget "LocalTaskListUITests" */;
			buildPhases = (
				DC8531F226610AD00034AA01 /* Sources */,
				DC8531F326610AD00034AA01 /* Frameworks */,
				DC8531F426610AD00034AA01 /* Resources */,
			);
			buildRules = (
			);
			dependencies = (
				DC8531F826610AD00034AA01 /* PBXTargetDependency */,
			);
			name = LocalTaskListUITests;
			productName = LocalTaskListUITests;
			productReference = DC8531F626610AD00034AA01 /* LocalTaskListUITests.xctest */;
			productType = "com.apple.product-type.bundle.ui-testing";
		};
/* End PBXNativeTarget section */

/* Begin PBXProject section */
		DC8531D226610ACF0034AA01 /* Project object */ = {
			isa = PBXProject;
			attributes = {
				LastSwiftUpdateCheck = 1250;
				LastUpgradeCheck = 1250;
				TargetAttributes = {
					DC8531D926610ACF0034AA01 = {
						CreatedOnToolsVersion = 12.5;
					};
					DC8531EA26610AD00034AA01 = {
						CreatedOnToolsVersion = 12.5;
						TestTargetID = DC8531D926610ACF0034AA01;
					};
					DC8531F526610AD00034AA01 = {
						CreatedOnToolsVersion = 12.5;
						TestTargetID = DC8531D926610ACF0034AA01;
					};
				};
			};
			buildConfigurationList = DC8531D526610ACF0034AA01 /* Build configuration list for PBXProject "LocalTaskList" */;
			compatibilityVersion = "Xcode 9.3";
			developmentRegion = en;
			hasScannedForEncodings = 0;
			knownRegions = (
				en,
				Base,
			);
			mainGroup = DC8531D126610ACF0034AA01;
			productRefGroup = DC8531DB26610ACF0034AA01 /* Products */;
			projectDirPath = "";
			projectRoot = "";
			targets = (
				DC8531D926610ACF0034AA01 /* LocalTaskList */,
				DC8531EA26610AD00034AA01 /* LocalTaskListTests */,
				DC8531F526610AD00034AA01 /* LocalTaskListUITests */,
			);
		};
/* End PBXProject section */

/* Begin PBXResourcesBuildPhase section */
		DC8531D826610ACF0034AA01 /* Resources */ = {
			isa = PBXResourcesBuildPhase;
			buildActionMask = 2147483647;
			files = (
				DC8531E526610AD00034AA01 /* Preview Assets.xcassets in Resources */,
				DC8531E226610AD00034AA01 /* Assets.xcassets in Resources */,
			);
			runOnlyForDeploymentPostprocessing = 0;
		};
		DC8531E926610AD00034AA01 /* Resources */ = {
			isa = PBXResourcesBuildPhase;
			buildActionMask = 2147483647;
			files = (
			);
			runOnlyForDeploymentPostprocessing = 0;
		};
		DC8531F426610AD00034AA01 /* Resources */ = {
			isa = PBXResourcesBuildPhase;
			buildActionMask = 2147483647;
			files = (
			);
			runOnlyForDeploymentPostprocessing = 0;
		};
/* End PBXResourcesBuildPhase section */

/* Begin PBXSourcesBuildPhase section */
		DC8531D626610ACF0034AA01 /* Sources */ = {
			isa = PBXSourcesBuildPhase;
			buildActionMask = 2147483647;
			files = (
				DC8531E026610ACF0034AA01 /* ContentView.swift in Sources */,
				DC85320926610AF40034AA01 /* TaskViewModel.swift in Sources */,
				DC8531DE26610ACF0034AA01 /* LocalTaskListApp.swift in Sources */,
			);
			runOnlyForDeploymentPostprocessing = 0;
		};
		DC8531E726610AD00034AA01 /* Sources */ = {
			isa = PBXSourcesBuildPhase;
			buildActionMask = 2147483647;
			files = (
				DC8531F026610AD00034AA01 /* TaskViewModelTests.swift in Sources */,
			);
			runOnlyForDeploymentPostprocessing = 0;
		};
		DC8531F226610AD00034AA01 /* Sources */ = {
			isa = PBXSourcesBuildPhase;
			buildActionMask = 2147483647;
			files = (
				DC8531FB26610AD00034AA01 /* LocalTaskListUITests.swift in Sources */,
			);
			runOnlyForDeploymentPostprocessing = 0;
		};
/* End PBXSourcesBuildPhase section */

/* Begin PBXTargetDependency section */
		DC8531ED26610AD00034AA01 /* PBXTargetDependency */ = {
			isa = PBXTargetDependency;
			target = DC8531D926610ACF0034AA01 /* LocalTaskList */;
			targetProxy = DC8531EC26610AD00034AA01 /* PBXContainerItemProxy */;
		};
		DC8531F826610AD00034AA01 /* PBXTargetDependency */ = {
			isa = PBXTargetDependency;
			target = DC8531D926610ACF0034AA01 /* LocalTaskList */;
			targetProxy = DC8531F726610AD00034AA01 /* PBXContainerItemProxy */;
		};
/* End PBXTargetDependency section */

/* Begin XCBuildConfiguration section */
		DC8531FD26610AD00034AA01 /* Debug */ = {
			isa = XCBuildConfiguration;
			buildSettings = {
				ALWAYS_SEARCH_USER_PATHS = NO;
				CLANG_ANALYZER_NONNULL = YES;
				CLANG_ANALYZER_NUMBER_OBJECT_CONVERSION = YES_AGGRESSIVE;
				CLANG_CXX_LANGUAGE_STANDARD = "gnu++14";
				CLANG_CXX_LIBRARY = "libc++";
				CLANG_ENABLE_MODULES = YES;
				CLANG_ENABLE_OBJC_ARC = YES;
				CLANG_ENABLE_OBJC_WEAK = YES;
				CLANG_WARN_BLOCK_CAPTURE_AUTORELEASING = YES;
				CLANG_WARN_BOOL_CONVERSION = YES;
				CLANG_WARN_COMMA = YES;
				CLANG_WARN_CONSTANT_CONVERSION = YES;
				CLANG_WARN_DEPRECATED_OBJC_IMPLEMENTATIONS = YES;
				CLANG_WARN_DIRECT_OBJC_ISA_USAGE = YES_ERROR;
				CLANG_WARN_DOCUMENTATION_COMMENTS = YES;
				CLANG_WARN_EMPTY_BODY = YES;
				CLANG_WARN_ENUM_CONVERSION = YES;
				CLANG_WARN_INFINITE_RECURSION = YES;
				CLANG_WARN_INT_CONVERSION = YES;
				CLANG_WARN_NON_LITERAL_NULL_CONVERSION = YES;
				CLANG_WARN_OBJC_IMPLICIT_RETAIN_SELF = YES;
				CLANG_WARN_OBJC_LITERAL_CONVERSION = YES;
				CLANG_WARN_OBJC_ROOT_CLASS = YES_ERROR;
				CLANG_WARN_QUOTED_INCLUDE_IN_FRAMEWORK_HEADER = YES;
				CLANG_WARN_RANGE_LOOP_ANALYSIS = YES;
				CLANG_WARN_STRICT_PROTOTYPES = YES;
				CLANG_WARN_SUSPICIOUS_MOVE = YES;
				CLANG_WARN_UNGUARDED_AVAILABILITY = YES_AGGRESSIVE;
				CLANG_WARN_UNREACHABLE_CODE = YES;
				CLANG_WARN__DUPLICATE_METHOD_MATCH = YES;
				COPY_PHASE_STRIP = NO;
				DEBUG_INFORMATION_FORMAT = dwarf;
				ENABLE_STRICT_OBJC_MSGSEND = YES;
				ENABLE_TESTABILITY = YES;
				GCC_C_LANGUAGE_STANDARD = gnu11;
				GCC_DYNAMIC_NO_PIC = NO;
				GCC_NO_COMMON_BLOCKS = YES;
				GCC_OPTIMIZATION_LEVEL = 0;
				GCC_PREPROCESSOR_DEFINITIONS = (
					"DEBUG=1",
					"$(inherited)",
				);
				GCC_WARN_64_TO_32_BIT_CONVERSION = YES;
				GCC_WARN_ABOUT_RETURN_TYPE = YES_ERROR;
				GCC_WARN_UNDECLARED_SELECTOR = YES;
				GCC_WARN_UNINITIALIZED_AUTOS = YES_AGGRESSIVE;
				GCC_WARN_UNUSED_FUNCTION = YES;
				GCC_WARN_UNUSED_VARIABLE = YES;
				IPHONEOS_DEPLOYMENT_TARGET = 14.5;
				MTL_ENABLE_DEBUG_INFO = INCLUDE_SOURCE;
				MTL_FAST_MATH = YES;
				ONLY_ACTIVE_ARCH = YES;
				SDKROOT = iphoneos;
				SWIFT_ACTIVE_COMPILATION_CONDITIONS = DEBUG;
				SWIFT_OPTIMIZATION_LEVEL = "-Onone";
			};
			name = Debug;
		};
		DC8531FE26610AD00034AA01 /* Release */ = {
			isa = XCBuildConfiguration;
			buildSettings = {
				ALWAYS_SEARCH_USER_PATHS = NO;
				CLANG_ANALYZER_NONNULL = YES;
				CLANG_ANALYZER_NUMBER_OBJECT_CONVERSION = YES_AGGRESSIVE;
				CLANG_CXX_LANGUAGE_STANDARD = "gnu++14";
				CLANG_CXX_LIBRARY = "libc++";
				CLANG_ENABLE_MODULES = YES;
				CLANG_ENABLE_OBJC_ARC = YES;
				CLANG_ENABLE_OBJC_WEAK = YES;
				CLANG_WARN_BLOCK_CAPTURE_AUTORELEASING = YES;
				CLANG_WARN_BOOL_CONVERSION = YES;
				CLANG_WARN_COMMA = YES;
				CLANG_WARN_CONSTANT_CONVERSION = YES;
				CLANG_WARN_DEPRECATED_OBJC_IMPLEMENTATIONS = YES;
				CLANG_WARN_DIRECT_OBJC_ISA_USAGE = YES_ERROR;
				CLANG_WARN_DOCUMENTATION_COMMENTS = YES;
				CLANG_WARN_EMPTY_BODY = YES;
				CLANG_WARN_ENUM_CONVERSION = YES;
				CLANG_WARN_INFINITE_RECURSION = YES;
				CLANG_WARN_INT_CONVERSION = YES;
				CLANG_WARN_NON_LITERAL_NULL_CONVERSION = YES;
				CLANG_WARN_OBJC_IMPLICIT_RETAIN_SELF = YES;
				CLANG_WARN_OBJC_LITERAL_CONVERSION = YES;
				CLANG_WARN_OBJC_ROOT_CLASS = YES_ERROR;
				CLANG_WARN_QUOTED_INCLUDE_IN_FRAMEWORK_HEADER = YES;
				CLANG_WARN_RANGE_LOOP_ANALYSIS = YES;
				CLANG_WARN_STRICT_PROTOTYPES = YES;
				CLANG_WARN_SUSPICIOUS_MOVE = YES;
				CLANG_WARN_UNGUARDED_AVAILABILITY = YES_AGGRESSIVE;
				CLANG_WARN_UNREACHABLE_CODE = YES;
				CLANG_WARN__DUPLICATE_METHOD_MATCH = YES;
				COPY_PHASE_STRIP = NO;
				DEBUG_INFORMATION_FORMAT = "dwarf-with-dsym";
				ENABLE_NS_ASSERTIONS = NO;
				ENABLE_STRICT_OBJC_MSGSEND = YES;
				GCC_C_LANGUAGE_STANDARD = gnu11;
				GCC_NO_COMMON_BLOCKS = YES;
				GCC_WARN_64_TO_32_BIT_CONVERSION = YES;
				GCC_WARN_ABOUT_RETURN_TYPE = YES_ERROR;
				GCC_WARN_UNDECLARED_SELECTOR = YES;
				GCC_WARN_UNINITIALIZED_AUTOS = YES_AGGRESSIVE;
				GCC_WARN_UNUSED_FUNCTION = YES;
				GCC_WARN_UNUSED_VARIABLE = YES;
				IPHONEOS_DEPLOYMENT_TARGET = 14.5;
				MTL_ENABLE_DEBUG_INFO = NO;
				MTL_FAST_MATH = YES;
				SDKROOT = iphoneos;
				SWIFT_COMPILATION_MODE = wholemodule;
				SWIFT_OPTIMIZATION_LEVEL = "-O";
				VALIDATE_PRODUCT = YES;
			};
			name = Release;
		};
		DC85320026610AD00034AA01 /* Debug */ = {
			isa = XCBuildConfiguration;
			buildSettings = {
				ASSETCATALOG_COMPILER_APPICON_NAME = AppIcon;
				ASSETCATALOG_COMPILER_GLOBAL_ACCENT_COLOR_NAME = AccentColor;
				CODE_SIGN_STYLE = Automatic;
				DEVELOPMENT_ASSET_PATHS = "\"LocalTaskList/Preview Content\"";
				DEVELOPMENT_TEAM = 9CZ464YT65;
				ENABLE_PREVIEWS = YES;
				INFOPLIST_FILE = LocalTaskList/Info.plist;
				IPHONEOS_DEPLOYMENT_TARGET = 14.0;
				LD_RUNPATH_SEARCH_PATHS = (
					"$(inherited)",
					"@executable_path/Frameworks",
				);
				PRODUCT_BUNDLE_IDENTIFIER = com.felixlarsen.LocalTaskList;
				PRODUCT_NAME = "$(TARGET_NAME)";
				SWIFT_VERSION = 5.0;
				TARGETED_DEVICE_FAMILY = "1,2";
			};
			name = Debug;
		};
		DC85320126610AD00034AA01 /* Release */ = {
			isa = XCBuildConfiguration;
			buildSettings = {
				ASSETCATALOG_COMPILER_APPICON_NAME = AppIcon;
				ASSETCATALOG_COMPILER_GLOBAL_ACCENT_COLOR_NAME = AccentColor;
				CODE_SIGN_STYLE = Automatic;
				DEVELOPMENT_ASSET_PATHS = "\"LocalTaskList/Preview Content\"";
				DEVELOPMENT_TEAM = 9CZ464YT65;
				ENABLE_PREVIEWS = YES;
				INFOPLIST_FILE = LocalTaskList/Info.plist;
				IPHONEOS_DEPLOYMENT_TARGET = 14.0;
				LD_RUNPATH_SEARCH_PATHS = (
					"$(inherited)",
					"@executable_path/Frameworks",
				);
				PRODUCT_BUNDLE_IDENTIFIER = com.felixlarsen.LocalTaskList;
				PRODUCT_NAME = "$(TARGET_NAME)";
				SWIFT_VERSION = 5.0;
				TARGETED_DEVICE_FAMILY = "1,2";
			};
			name = Release;
		};
		DC85320326610AD00034AA01 /* Debug */ = {
			isa = XCBuildConfiguration;
			buildSettings = {
				ALWAYS_EMBED_SWIFT_STANDARD_LIBRARIES = YES;
				BUNDLE_LOADER = "$(TEST_HOST)";
				CODE_SIGN_STYLE = Automatic;
				DEVELOPMENT_TEAM = 9CZ464YT65;
				INFOPLIST_FILE = LocalTaskListTests/Info.plist;
				IPHONEOS_DEPLOYMENT_TARGET = 14.0;
				LD_RUNPATH_SEARCH_PATHS = (
					"$(inherited)",
					"@executable_path/Frameworks",
					"@loader_path/Frameworks",
				);
				PRODUCT_BUNDLE_IDENTIFIER = com.felixlarsen.LocalTaskListTests;
				PRODUCT_NAME = "$(TARGET_NAME)";
				SWIFT_VERSION = 5.0;
				TARGETED_DEVICE_FAMILY = "1,2";
				TEST_HOST = "$(BUILT_PRODUCTS_DIR)/LocalTaskList.app/LocalTaskList";
			};
			name = Debug;
		};
		DC85320426610AD00034AA01 /* Release */ = {
			isa = XCBuildConfiguration;
			buildSettings = {
				ALWAYS_EMBED_SWIFT_STANDARD_LIBRARIES = YES;
				BUNDLE_LOADER = "$(TEST_HOST)";
				CODE_SIGN_STYLE = Automatic;
				DEVELOPMENT_TEAM = 9CZ464YT65;
				INFOPLIST_FILE = LocalTaskListTests/Info.plist;
				IPHONEOS_DEPLOYMENT_TARGET = 14.0;
				LD_RUNPATH_SEARCH_PATHS = (
					"$(inherited)",
					"@executable_path/Frameworks",
					"@loader_path/Frameworks",
				);
				PRODUCT_BUNDLE_IDENTIFIER = com.felixlarsen.LocalTaskListTests;
				PRODUCT_NAME = "$(TARGET_NAME)";
				SWIFT_VERSION = 5.0;
				TARGETED_DEVICE_FAMILY = "1,2";
				TEST_HOST = "$(BUILT_PRODUCTS_DIR)/LocalTaskList.app/LocalTaskList";
			};
			name = Release;
		};
		DC85320626610AD00034AA01 /* Debug */ = {
			isa = XCBuildConfiguration;
			buildSettings = {
				ALWAYS_EMBED_SWIFT_STANDARD_LIBRARIES = YES;
				CODE_SIGN_STYLE = Automatic;
				DEVELOPMENT_TEAM = 9CZ464YT65;
				INFOPLIST_FILE = LocalTaskListUITests/Info.plist;
				LD_RUNPATH_SEARCH_PATHS = (
					"$(inherited)",
					"@executable_path/Frameworks",
					"@loader_path/Frameworks",
				);
				PRODUCT_BUNDLE_IDENTIFIER = com.felixlarsen.LocalTaskListUITests;
				PRODUCT_NAME = "$(TARGET_NAME)";
				SWIFT_VERSION = 5.0;
				TARGETED_DEVICE_FAMILY = "1,2";
				TEST_TARGET_NAME = LocalTaskList;
			};
			name = Debug;
		};
		DC85320726610AD00034AA01 /* Release */ = {
			isa = XCBuildConfiguration;
			buildSettings = {
				ALWAYS_EMBED_SWIFT_STANDARD_LIBRARIES = YES;
				CODE_SIGN_STYLE = Automatic;
				DEVELOPMENT_TEAM = 9CZ464YT65;
				INFOPLIST_FILE = LocalTaskListUITests/Info.plist;
				LD_RUNPATH_SEARCH_PATHS = (
					"$(inherited)",
					"@executable_path/Frameworks",
					"@loader_path/Frameworks",
				);
				PRODUCT_BUNDLE_IDENTIFIER = com.felixlarsen.LocalTaskListUITests;
				PRODUCT_NAME = "$(TARGET_NAME)";
				SWIFT_VERSION = 5.0;
				TARGETED_DEVICE_FAMILY = "1,2";
				TEST_TARGET_NAME = LocalTaskList;
			};
			name = Release;
		};
/* End XCBuildConfiguration section */

/* Begin XCConfigurationList section */
		DC8531D526610ACF0034AA01 /* Build configuration list for PBXProject "LocalTaskList" */ = {
			isa = XCConfigurationList;
			buildConfigurations = (
				DC8531FD26610AD00034AA01 /* Debug */,
				DC8531FE26610AD00034AA01 /* Release */,
			);
			defaultConfigurationIsVisible = 0;
			defaultConfigurationName = Release;
		};
		DC8531FF26610AD00034AA01 /* Build configuration list for PBXNativeTarget "LocalTaskList" */ = {
			isa = XCConfigurationList;
			buildConfigurations = (
				DC85320026610AD00034AA01 /* Debug */,
				DC85320126610AD00034AA01 /* Release */,
			);
			defaultConfigurationIsVisible = 0;
			defaultConfigurationName = Release;
		};
		DC85320226610AD00034AA01 /* Build configuration list for PBXNativeTarget "LocalTaskListTests" */ = {
			isa = XCConfigurationList;
			buildConfigurations = (
				DC85320326610AD00034AA01 /* Debug */,
				DC85320426610AD00034AA01 /* Release */,
			);
			defaultConfigurationIsVisible = 0;
			defaultConfigurationName = Release;
		};
		DC85320526610AD00034AA01 /* Build configuration list for PBXNativeTarget "LocalTaskListUITests" */ = {
			isa = XCConfigurationList;
			buildConfigurations = (
				DC85320626610AD00034AA01 /* Debug */,
				DC85320726610AD00034AA01 /* Release */,
			);
			defaultConfigurationIsVisible = 0;
			defaultConfigurationName = Release;
		};
/* End XCConfigurationList section */
	};
	rootObject = DC8531D226610ACF0034AA01 /* Project object */;
}
